
Microsoft Visual Studio Solution File, Format Version 12.00
# Visual Studio Version 17
VisualStudioVersion = 17.11.35327.3
MinimumVisualStudioVersion = 10.0.40219.1
Project("{FAE04EC0-301F-11D3-BF4B-00C04F79EFBC}") = "Baithuchanh2", "Baithuchanh2.csproj", "{BDD41F2E-A0AC-4160-88FE-3779C8112D89}"
EndProject
Global
	GlobalSection(SolutionConfigurationPlatforms) = preSolution
		Debug|Any CPU = Debug|Any CPU
		Release|Any CPU = Release|Any CPU
	EndGlobalSection
	GlobalSection(ProjectConfigurationPlatforms) = postSolution
		{BDD41F2E-A0AC-4160-88FE-3779C8112D89}.Debug|Any CPU.ActiveCfg = Debug|Any CPU
		{BDD41F2E-A0AC-4160-88FE-3779C8112D89}.Debug|Any CPU.Build.0 = Debug|Any CPU
		{BDD41F2E-A0AC-4160-88FE-3779C8112D89}.Release|Any CPU.ActiveCfg = Release|Any CPU
		{BDD41F2E-A0AC-4160-88FE-3779C8112D89}.Release|Any CPU.Build.0 = Release|Any CPU
	EndGlobalSection
	GlobalSection(SolutionProperties) = preSolution
		HideSolutionNode = FALSE
	EndGlobalSection
	GlobalSection(ExtensibilityGlobals) = postSolution
		SolutionGuid = {E655FA17-6937-4C3E-8299-6C7FF2DF2AEF}
	EndGlobalSection
EndGlobal
